{
  "name": "@axentix/plugin-range",
  "version": "1.0.0",
  "lockfileVersion": 1,
  "requires": true,
  "dependencies": {
    "axentix": {
      "version": "1.1.0",
      "resolved": "https://registry.npmjs.org/axentix/-/axentix-1.1.0.tgz",
      "integrity": "sha512-zlWV6Sorj+lv/0Rcr0SRwLNrMp7Z8vLBpaUjAwXbQaLyDJiA6C0AXNkPNZiR56jf117aPBDl22qGeG20pKB3yQ=="
    },
    "nouislider": {
      "version": "14.6.3",
      "resolved": "https://registry.npmjs.org/nouislider/-/nouislider-14.6.3.tgz",
      "integrity": "sha512-/3tAqsWY2JYW9vd7bC14bFRA1P9A+pRHOtKmoMsyfnB0fQcd1UFx2pdY1Ey5wAUzTnXTesmYaEo/ecLVETijIQ=="
    }
  }
}
